
Microsoft Visual Studio Solution File, Format Version 12.00
# Visual Studio Version 16
VisualStudioVersion = 16.0.31205.134
MinimumVisualStudioVersion = 10.0.40219.1
Project("{9A19103F-16F7-4668-BE54-9A1E7A4F7556}") = "WEB_953505_EFIMCHIK", "WEB_953505_EFIMCHIK\WEB_953505_EFIMCHIK.csproj", "{C5426C53-0C1F-42A8-976F-5A751EFECF4D}"
EndProject
Project("{FAE04EC0-301F-11D3-BF4B-00C04F79EFBC}") = "WEB_953505_EFIMCHIK.Blazor.Server", "..\WEB_953505_EFIMCHIK.Blazor\Server\WEB_953505_EFIMCHIK.Blazor.Server.csproj", "{2755B647-A93B-496D-B811-918E1EA3514A}"
EndProject
Project("{FAE04EC0-301F-11D3-BF4B-00C04F79EFBC}") = "WEB_953505_EFIMCHIK.Blazor.Client", "..\WEB_953505_EFIMCHIK.Blazor\Client\WEB_953505_EFIMCHIK.Blazor.Client.csproj", "{700E669E-D8C9-45DF-825B-9757DFCE6E8A}"
EndProject
Project("{FAE04EC0-301F-11D3-BF4B-00C04F79EFBC}") = "WEB_953505_EFIMCHIK.Blazor.Shared", "..\WEB_953505_EFIMCHIK.Blazor\Shared\WEB_953505_EFIMCHIK.Blazor.Shared.csproj", "{EC048F5E-5C66-4032-A43A-542A8939A231}"
EndProject
Global
	GlobalSection(SolutionConfigurationPlatforms) = preSolution
		Debug|Any CPU = Debug|Any CPU
		Release|Any CPU = Release|Any CPU
	EndGlobalSection
	GlobalSection(ProjectConfigurationPlatforms) = postSolution
		{C5426C53-0C1F-42A8-976F-5A751EFECF4D}.Debug|Any CPU.ActiveCfg = Debug|Any CPU
		{C5426C53-0C1F-42A8-976F-5A751EFECF4D}.Debug|Any CPU.Build.0 = Debug|Any CPU
		{C5426C53-0C1F-42A8-976F-5A751EFECF4D}.Release|Any CPU.ActiveCfg = Release|Any CPU
		{C5426C53-0C1F-42A8-976F-5A751EFECF4D}.Release|Any CPU.Build.0 = Release|Any CPU
		{2755B647-A93B-496D-B811-918E1EA3514A}.Debug|Any CPU.ActiveCfg = Debug|Any CPU
		{2755B647-A93B-496D-B811-918E1EA3514A}.Debug|Any CPU.Build.0 = Debug|Any CPU
		{2755B647-A93B-496D-B811-918E1EA3514A}.Release|Any CPU.ActiveCfg = Release|Any CPU
		{2755B647-A93B-496D-B811-918E1EA3514A}.Release|Any CPU.Build.0 = Release|Any CPU
		{700E669E-D8C9-45DF-825B-9757DFCE6E8A}.Debug|Any CPU.ActiveCfg = Debug|Any CPU
		{700E669E-D8C9-45DF-825B-9757DFCE6E8A}.Debug|Any CPU.Build.0 = Debug|Any CPU
		{700E669E-D8C9-45DF-825B-9757DFCE6E8A}.Release|Any CPU.ActiveCfg = Release|Any CPU
		{700E669E-D8C9-45DF-825B-9757DFCE6E8A}.Release|Any CPU.Build.0 = Release|Any CPU
		{EC048F5E-5C66-4032-A43A-542A8939A231}.Debug|Any CPU.ActiveCfg = Debug|Any CPU
		{EC048F5E-5C66-4032-A43A-542A8939A231}.Debug|Any CPU.Build.0 = Debug|Any CPU
		{EC048F5E-5C66-4032-A43A-542A8939A231}.Release|Any CPU.ActiveCfg = Release|Any CPU
		{EC048F5E-5C66-4032-A43A-542A8939A231}.Release|Any CPU.Build.0 = Release|Any CPU
	EndGlobalSection
	GlobalSection(SolutionProperties) = preSolution
		HideSolutionNode = FALSE
	EndGlobalSection
	GlobalSection(ExtensibilityGlobals) = postSolution
		SolutionGuid = {2A542234-6124-4EC4-8D20-8B58B144225D}
	EndGlobalSection
EndGlobal
